# THIS IS AN AUTOGENERATED FILE. DO NOT EDIT THIS FILE DIRECTLY.
# yarn lockfile v1


stimulus-glow@^0.3.0:
  version "0.3.0"
  resolved "https://registry.yarnpkg.com/stimulus-glow/-/stimulus-glow-0.3.0.tgz#bddd4fbf67d82c91f202a1eccafff9cbb4bbc613"
  integrity sha512-NVG9lhfaVM+jnJk7zp59aYlR/tI1J+AI2GQCgUMXmv0unxw3ofHnes832b2SPRLozsV91k/1Q8o476EXa5Q3Uw==
