# THIS IS AN AUTOGENERATED FILE. DO NOT EDIT THIS FILE DIRECTLY.
# yarn lockfile v1


stimulus-clipboard@^4.0.1:
  version "4.0.1"
  resolved "https://registry.yarnpkg.com/stimulus-clipboard/-/stimulus-clipboard-4.0.1.tgz#acc9212b479fedc633ecdec8f191a28c1d826a6b"
  integrity sha512-dem+ihC3Q8+gbyGINdd+dK+9d5vUTnOwoH+n3KcDJvbxrFcq9lV8mWjyhEaDquGxYy3MmqSdz9FHQbG88TBqGg==
